_version: 2

opening file:
  en: opening file
  de: Datei öffnen
parsing:
  en: parsing
  de: lesen
password_not_available:
  en: Password is not yet available
  de: Passwort is noch nicht verfügbar
Creating the prolock file:
  en: Creating the prolock file
  de: Erzeugen der Prolock Datei
'Password:':
  en: 'Password:'
  de: 'Passwort:'
'Repeat:':
  en: 'Repeat:'
  de: 'Wiederholen:'
About ProLock:
  en: About ProLock
  de: Über ProLock
Change language:
  en: Change language
  de: Sprache ändern
Show content as printable document:
  en: Show content as printable document
  de: Inhalt als druckbares Dokument anzeigen
Change password:
  en: Change password
  de: Passwort ändern
_cancel_with_icon:
  en: ❌ Cancel
  de: ❌ Abbrechen
Cancel:
  en: Cancel
  de: Abbrechen
Save:
  en: Save
  de: Speichern
_ok_with_icon:
  en: ✅ Ok
  de: ✅ Weiter
Password not correct:
  en: Password not correct
  de: Passwort nicht korrekt
Change the password for the prolock file:
  en: Change the password for the prolock file
  de: Passwort für die Prolock Datei ändern
'Current password:':
  en: 'Current password:'
  de: 'Aktuelles Passwort:'
'New password:':
  en: 'New password:'
  de: 'Neues Passwort:'
'Repeat new password:':
  en: 'Repeat new password:'
  de: 'Neues Passwort wiederholen:'
The current password is not correct:
  en: The current password is not correct
  de: Das aktuelle Passwort ist nicht korrekt
'Specify the password to secure your prolock file:':
  en: 'Specify the password to secure your prolock file:'
  de: 'Passwort für die Prolock Datei:'
_passwords_dont_match:
  en: The entries for the new password are not consistent
  de: Die Eingaben für das neue Passwort stimmen nicht überein
'entries_with_secrets %{n1} %{n2}':
  en: '%{n1} entries with %{n2} secrets'
  de: '%{n1} Einträge mit %{n2} Geheimnissen'
Press this button to create an entry:
  en: Press this button to create an entry
  de: Hier drücken um einen Eintrag zu erzeugen
'Current language:':
  en: 'Current language:'
  de: 'Aktuelle Sprache:'
'New language:':
  en: 'New language:'
  de: 'Gewünschte Sprache:'
'add_bundle: bundle %{b} exists already':
  en: 'entry %{b} exists already'
  de: 'Eintrag %{b} existiert bereits'
Cannot save because not all secrets are in correct state:
  en: Cannot save because not all secrets are in correct state
  de: Speichern schlägt fehl, weil nicht alle Secrets im erwarteten Zustand sind
Cannot save because the file was updated concurrently:
  en: Cannot save because the file was updated concurrently
  de: Speichern schlägt fehl, weil die Datei konkurrierend geändert wurde
Cannot save because the password is not set:
  en: Cannot save because the password is not set
  de: Speichern schlägt fehl, weil das Passwort nicht gesetzt ist
_unique_bundle_name:
  en: 'Unique name of the new entry (e.g. ''Banco Rotto'')'
  de: 'Name des neuen Eintrags (z.B. ''Banco Rotto'')'
Further description (optional):
  en: Further description (optional)
  de: Weitere Beschreibung (optional)
_hint_secret:
  en: Secret (password etc)
  de: Geheimnis (Passwort etc)
_hint_username:
  en: Username etc
  de: Benutzername etc
'delete_bundle: bundle ''%{key}'' does not exist':
  en: 'delete_bundle: bundle ''%{key}'' does not exist'
  de: 'delete_bundle: Eintrag ''%{key}'' nicht gefunden'
_copy:
  en: '  Copy  '
  de: Kopieren
_copied:
  en: ✔ Copied
  de: ✔ Kopiert
Add new entry:
  en: Save new entry
  de: Neuen Eintrag speichern
Delete entry:
  en: Delete entry
  de: Eintrag löschen
Discard changes:
  en: Discard changes
  de: Änderungen verwerfen
Discard new entry:
  en: Discard new entry
  de: Neuen Eintrag verwerfen
Edit entry:
  en: Edit entry
  de: Eintrag ändern
Save changes:
  en: Save changes
  de: Änderungen speichern
New entry:
  en: Add new entry ...
  de: Neuen Eintrag anlegen ...
Description:
  en: Description
  de: Beschreibung
Name of the entry:
  en: Name of the entry
  de: Name des Eintrags
_hover_username:
  en: Username etc
  de: Benutzername etc
Secret:
  en: Secret
  de: Passwort
Encrypted data:
  en: Encrypted data
  de: Verschlüsselte Daten
Unprotected header:
  en: Unencrypted header
  de: Unverschlüsselter Eintragskopf
_about_1:
  en: ProLock is a tool for securely storing secrets (like passwords) in a password-protected file.
  de: ProLock ist ein Werkzeug, um Geheimnisse (wie z.B. Passwörter) verschlüsselt in einer passwortgeschützten Datei zu speichern.
_about_2:
  en: For security reasons, ProLock is written in rust.
  de: ProLock ist sicherheitshalber in rust geschrieben.
_about_3:
  en: 'More information, suggestions, wishes, complaints:'
  de: 'Weitere Informationen, Vorschläge, Wünsche, Beschwerden:'
Version:
  en: Version
  de: Version
_really_delete:
  en: Really delete the entry '%{name}'?
  de: Den Eintrag '%{name}' wirklich löschen?
_no_undo:
  en: 'This action cannot be undone.'
  de: 'Diese Aktion kann nicht zurückgenommen werden.'
_new:
  en: 'New:'
  de: 'Neu:'
Switch to another Prolock file:
  en: Switch to another Prolock file
  de: Zu anderer Prolock Datei wechseln
parsing FileList:
  en: parsing FileList
  de: Lesen der Dateiliste
parsing PlFile:
  en: parsing the prolock file
  de: Lesen der Prolock Datei
File path:
  en: File path
  de: Dateipfad
_last_update_at:
  en: 'Last update at:'
  de: 'Letzte Änderung:'
The passwords don't match:
  en: The passwords don't match
  de: Die Passwörter stimmen nicht überein
_find:
  en: Find
  de: Suchen
_choose_other_file:
  en: Choose other file
  de: Andere Datei auswählen
_opening_the_prolock_file:
  en: Opening the prolock file
  de: Prolock-Datei öffnen
_specify_pw_to_open:
  en: 'Specify the password to open the prolock file:'
  de: 'Geben Sie das Passwort an, um die ProLock Datei zu öffnen:'
_specify_pw_to_secure:
  en: 'Specify the password to secure the prolock file:'
  de: 'Geben Sie das Passwort an, mit dem die ProLock Datei gesichert werden soll:'
_decryption_failed:
  en: 'Decryption of the protected data in the file failed.'
  de: 'Die Entschlüsselung der geschützten Daten in der Datei ist fehlgeschlagen.'
_decryption_failed_note1:
  en: 'This is typically caused by a wrong password - try again with the correct password.'
  de: 'Wahrscheinliche Ursache ist ein falsches Passwort - versuchen Sie es bitte erneut mit dem korrekten Passwort.'
_decryption_failed_note2:
  en: 'Note that decryption will fail inevitably if the ProLock file was manually edited: do not edit the file directly, not even in the unencrypted section.'
  de: 'Hinweis: die Entschlüsselung schlägt auch dann fehl, wenn die Prolock Datei manuell verändert wurde: auch der unverschlüsselte Bereich darf nicht verändert werden.'
File given on commandline:
  en: File given on commandline
  de: Beim Programmstart mitgegebene Datei
'_started %{p}':
  en: '%{p} started'
  de: '%{p} gestartet'
'_started_in_test_mode %{p}':
  en: '%{p} started  in test mode'
  de: '%{p} im Testmodus gestartet'
Show log:
  en: Show action log
  de: Aktionsprotokoll anzeigen
Starting with file:
  en: Starting with file
  de: Start mit Datei
Action log:
  en: Action log
  de: Aktionsprotokoll
Switch to file:
  en: Switch to file
  de: Wechseln zu Datei

Delete document:
  en: Delete document
  de: Dokument löschen
Documents:
  en: Documents
  de: Dokumente
Structured entries:
  en: Structured entries
  de: Strukturierte Einträge
Press this button to create a document:
  en: Press this button to create a document
  de: Hier drücken um ein Dokument zu erzeugen
'delete_document: document ''%{key}'' does not exist':
  en: 'Document ''%{key}'' not found'
  de: 'Document ''%{key}'' nicht gefunden'
Protected text:
  en: Protected text
  de: Text (geschützt)
_unique_document_name:
  en: Name of the document (unprotected)
  de: Name des Dokuments (unverschlüsselt)
'add_bundle: bundle %{name} exists already':
  en: 'Entry %{name} exists already'
  de: 'Eintrag %{name} existiert bereits'
'add_document: document %{name} exists already':
  en: 'Document %{name} exists already'
  de: 'Dokument %{name} existiert bereits'
'_bundle_does_not_exist %{name}':
  en: A bundle with name %{name} does not exist
  de: Eintrag mit Namen %{name} nicht gefunden
'_document_does_not_exist %{name}':
  en: A document with name %{name} does not exist
  de: Dokument mit Namen %{name} nicht gefunden
'internal error: can''t save with empty name':
  en: 'internal error: can''t save with empty name'
  de: 'Interner Fehler: Speichern mit leerem Namen nicht möglich'
Generate password:
  en: Generate password
  de: Passwort generieren
Include digits:
  en: Include digits
  de: Mit Ziffern
Include special characters:
  en: Include special characters
  de: Mit Sonderzeichen
Include lowercase:
  en: Include lowercase
  de: Mit Kleinbuchstaben
Include uppercase:
  en: Include uppercase
  de: Mit Großbuchstaben
'Length:':
  en: 'Length:'
  de: 'Länge:'
