_version: 2

opening file:
  en: opening file
  de: Datei öffnen
parsing:
  en: parsing
  de: lesen
password_not_available:
  en: Password is not yet available
  de: Passwort is noch nicht verfügbar
Creating the prolock file:
  en: Creating the prolock file
  de: Erzeugen der Prolock Datei
'Password:':
  en: 'Password:'
  de: 'Passwort:'
'Repeat:':
  en: 'Repeat:'
  de: 'Wiederholen:'
❓About ProLock:
  en: ❓About ProLock
  de: ❓Über ProLock
🌍 Change language:
  en: 🌍 Change language
  de: 🌍 Sprache ändern
📄 Show content as printable document:
  en: 📄 Show content as printable document
  de: 📄 Inhalt als druckbares Dokument anzeigen
🔐 Change password:
  en: 🔐 Change password
  de: 🔐 Passwort ändern
_cancel_with_icon:
  en: ❌ Cancel
  de: ❌ Abbrechen
Cancel:
  en: Cancel
  de: Abbrechen
Save:
  en: Save
  en: Speichern
_ok_with_icon:
  en: ✅ Ok
  de: ✅ Übernehmen
Password not correct:
  en: Password not correct
  de: Passwort nicht korrekt
Change the password for the prolock file:
  en: Change the password for the prolock file
  de: Passwort für die Prolock Datei ändern
'Current password:':
  en: 'Current password:'
  de: 'Aktuelles Passwort:'
'New password:':
  en: 'New password:'
  de: 'Neues Passwort:'
'Repeat new password:':
  en: 'Repeat new password:'
  de: 'Neues Passwort wiederholen:'
The current password is not correct:
  en: The current password is not correct
  de: Das aktuelle Passwort ist nicht korrekt
'Specify the password to secure your prolock file:':
  en: 'Specify the password to secure your prolock file:'
  de: 'Passwort für die Prolock Datei:'
The passwords don't match:
  en: The passwords don't match
  de: Die Eingaben für das neue Passwort stimmen nicht überein
'entries_with_secrets %{n1} %{n2}':
  en: '%{n1} entries with %{n2} secrets'
  de: '%{n1} Einträge mit %{n2} Geheimnissen'
Press this button to create an entry:
  en: Press this button to create an entry
  de: Hier drücken um einen Eintrag zu erzeugen
'add_bundle: bundle %{b} exists already':
  en: 'entry %{b} exists already'
  de: 'Eintrag %{bundle} existiert bereits'
Cannot save because not all secrets are in correct state:
  en: Cannot save because not all secrets are in correct state
  de: Speichern schlägt fehl, weil nicht alle Secrets im erwarteten Zustand sind
Cannot save because the file was updated concurrently:
  en: Cannot save because the file was updated concurrently
  de: Speichern schlägt fehl, weil die Datei konkurrierend geändert wurde
Cannot save because the password is not set:
  en: Cannot save because the password is not set
  de: Speichern schlägt fehl, weil das Passwort nicht gesetzt ist
Further description (optional):
  en: Further description (optional)
  de: Weitere Beschreibung (optional)
_hint_secret:
  en: Secret (password etc)
  de: Geheimnis (Passwort etc)
unique_name:
  en: 'Unique name of the new entry (e.g. ''Banco Rotto'')'
  de: 'Name des neuen Eintrags (z.B. ''Banco Rotto'')'
User name etc:
  en: User name etc
  de: Benutzername etc
'delete_bundle: bundle ''%{key}'' does not exist':
  en: 'delete_bundle: bundle ''%{key}'' does not exist'
  de: 'delete_bundle: Eintrag ''%{key}'' nicht gefunden'
_copy:
  en: '  Copy  '
  de: Kopieren
_copied:
  en: ✔ Copied
  de: ✔ Kopiert
Add new entry:
  en: Save new entry
  de: Neuen Eintrag speichern
Delete entry:
  en: Delete entry
  de: Eintrag löschen
Discard changes:
  en: Discard changes
  de: Änderungen verwerfen
Discard new entry:
  en: Discard new entry
  de: Neuen Eintrag verwerfen
Edit entry:
  en: Edit entry
  de: Eintrag ändern
Save changes:
  en: Save changes
  de: Änderungen speichern
New entry:
  en: Add new entry ...
  de: Neuen Eintrag anlegen ...
Description:
  en: Description
  de: Beschreibung
Name of the entry:
  en: Name of the entry
  de: Name des Eintrags
Username:
  en: Username etc
  de: Benutzername etc
Secret:
  en: Secret
  de: Passwort
